
Microsoft Visual Studio Solution File, Format Version 12.00
# Visual Studio Version 16
VisualStudioVersion = 16.0.29926.136
MinimumVisualStudioVersion = 10.0.40219.1
Project("{FAE04EC0-301F-11D3-BF4B-00C04F79EFBC}") = "WebApplication1", "WebApplication1\WebApplication1.csproj", "{AC72E446-64C9-4CE2-8C9F-E146A13F2445}"
EndProject
Global
	GlobalSection(SolutionConfigurationPlatforms) = preSolution
		Debug|Any CPU = Debug|Any CPU
		Release|Any CPU = Release|Any CPU
	EndGlobalSection
	GlobalSection(ProjectConfigurationPlatforms) = postSolution
		{AC72E446-64C9-4CE2-8C9F-E146A13F2445}.Debug|Any CPU.ActiveCfg = Debug|Any CPU
		{AC72E446-64C9-4CE2-8C9F-E146A13F2445}.Debug|Any CPU.Build.0 = Debug|Any CPU
		{AC72E446-64C9-4CE2-8C9F-E146A13F2445}.Release|Any CPU.ActiveCfg = Release|Any CPU
		{AC72E446-64C9-4CE2-8C9F-E146A13F2445}.Release|Any CPU.Build.0 = Release|Any CPU
	EndGlobalSection
	GlobalSection(SolutionProperties) = preSolution
		HideSolutionNode = FALSE
	EndGlobalSection
	GlobalSection(ExtensibilityGlobals) = postSolution
		SolutionGuid = {3E75E38A-BAC1-42FA-9DD5-359FD23B00C2}
	EndGlobalSection
EndGlobal
